github.com/enmand/synk-fixtures-go-mvs/b v1.0.0 h1:O5z/MrYP8Y4CZJTOFH8URXQkWNNFXxbYRhDIAgLzDiA=
github.com/enmand/synk-fixtures-go-mvs/b v1.0.0/go.mod h1:vOUXSLXZeOuM+xcAz+4W6dRNi78Ol3R5LS8ZX1X2lrQ=
github.com/enmand/synk-fixtures-go-mvs/c v1.0.0 h1:HE7VfLzywcmC9GCSRt1GOxoiHD/BL8vMi2rMLQZcf5k=
github.com/enmand/synk-fixtures-go-mvs/c v1.0.0/go.mod h1:Tde4uzl975AD1suLKPI5VgyvNQeiBSlNkzy6Lvp0sys=
github.com/enmand/synk-fixtures-go-mvs/e v1.5.0 h1:Ie/r0sCIjG6p25oF6sTYNhRDQmkdEENT3zD5SuRhRcY=
github.com/enmand/synk-fixtures-go-mvs/e v1.5.0/go.mod h1:Hq/ijSqK3GugWCLBChEeXIyu7uVpUQbGr8T5/6kNwI8=
